
Microsoft Visual Studio Solution File, Format Version 12.00
# Visual Studio 15
VisualStudioVersion = 15.0.27428.2043
MinimumVisualStudioVersion = 10.0.40219.1
Project("{8BC9CEB8-8B4A-11D0-8D11-00A0C91BC942}") = "ex0609", "ex0609\ex0609.vcxproj", "{3BE081E3-EC33-4820-A9C3-AA849FC11A59}"
EndProject
Global
	GlobalSection(SolutionConfigurationPlatforms) = preSolution
		Debug|x64 = Debug|x64
		Debug|x86 = Debug|x86
		Release|x64 = Release|x64
		Release|x86 = Release|x86
	EndGlobalSection
	GlobalSection(ProjectConfigurationPlatforms) = postSolution
		{3BE081E3-EC33-4820-A9C3-AA849FC11A59}.Debug|x64.ActiveCfg = Debug|x64
		{3BE081E3-EC33-4820-A9C3-AA849FC11A59}.Debug|x64.Build.0 = Debug|x64
		{3BE081E3-EC33-4820-A9C3-AA849FC11A59}.Debug|x86.ActiveCfg = Debug|Win32
		{3BE081E3-EC33-4820-A9C3-AA849FC11A59}.Debug|x86.Build.0 = Debug|Win32
		{3BE081E3-EC33-4820-A9C3-AA849FC11A59}.Release|x64.ActiveCfg = Release|x64
		{3BE081E3-EC33-4820-A9C3-AA849FC11A59}.Release|x64.Build.0 = Release|x64
		{3BE081E3-EC33-4820-A9C3-AA849FC11A59}.Release|x86.ActiveCfg = Release|Win32
		{3BE081E3-EC33-4820-A9C3-AA849FC11A59}.Release|x86.Build.0 = Release|Win32
	EndGlobalSection
	GlobalSection(SolutionProperties) = preSolution
		HideSolutionNode = FALSE
	EndGlobalSection
	GlobalSection(ExtensibilityGlobals) = postSolution
		SolutionGuid = {098E42A6-C2EA-42D5-ACAC-6F085F9CB933}
	EndGlobalSection
EndGlobal
