
Microsoft Visual Studio Solution File, Format Version 12.00
# Visual Studio 15
VisualStudioVersion = 15.0.27428.2043
MinimumVisualStudioVersion = 10.0.40219.1
Project("{8BC9CEB8-8B4A-11D0-8D11-00A0C91BC942}") = "list0602", "list0602\list0602.vcxproj", "{2264FD4F-1DAE-44C0-BBBD-E84A5F85C2C8}"
EndProject
Global
	GlobalSection(SolutionConfigurationPlatforms) = preSolution
		Debug|x64 = Debug|x64
		Debug|x86 = Debug|x86
		Release|x64 = Release|x64
		Release|x86 = Release|x86
	EndGlobalSection
	GlobalSection(ProjectConfigurationPlatforms) = postSolution
		{2264FD4F-1DAE-44C0-BBBD-E84A5F85C2C8}.Debug|x64.ActiveCfg = Debug|x64
		{2264FD4F-1DAE-44C0-BBBD-E84A5F85C2C8}.Debug|x64.Build.0 = Debug|x64
		{2264FD4F-1DAE-44C0-BBBD-E84A5F85C2C8}.Debug|x86.ActiveCfg = Debug|x64
		{2264FD4F-1DAE-44C0-BBBD-E84A5F85C2C8}.Debug|x86.Build.0 = Debug|x64
		{2264FD4F-1DAE-44C0-BBBD-E84A5F85C2C8}.Release|x64.ActiveCfg = Release|x64
		{2264FD4F-1DAE-44C0-BBBD-E84A5F85C2C8}.Release|x64.Build.0 = Release|x64
		{2264FD4F-1DAE-44C0-BBBD-E84A5F85C2C8}.Release|x86.ActiveCfg = Release|Win32
		{2264FD4F-1DAE-44C0-BBBD-E84A5F85C2C8}.Release|x86.Build.0 = Release|Win32
	EndGlobalSection
	GlobalSection(SolutionProperties) = preSolution
		HideSolutionNode = FALSE
	EndGlobalSection
	GlobalSection(ExtensibilityGlobals) = postSolution
		SolutionGuid = {D5EE4789-CE96-47D6-B6D5-21536F9D580C}
	EndGlobalSection
EndGlobal
