
Microsoft Visual Studio Solution File, Format Version 12.00
# Visual Studio 15
VisualStudioVersion = 15.0.27428.2043
MinimumVisualStudioVersion = 10.0.40219.1
Project("{8BC9CEB8-8B4A-11D0-8D11-00A0C91BC942}") = "ex0614", "ex0614\ex0614.vcxproj", "{42984296-16D7-4A7A-A73D-1FB20A088519}"
EndProject
Global
	GlobalSection(SolutionConfigurationPlatforms) = preSolution
		Debug|x64 = Debug|x64
		Debug|x86 = Debug|x86
		Release|x64 = Release|x64
		Release|x86 = Release|x86
	EndGlobalSection
	GlobalSection(ProjectConfigurationPlatforms) = postSolution
		{42984296-16D7-4A7A-A73D-1FB20A088519}.Debug|x64.ActiveCfg = Debug|x64
		{42984296-16D7-4A7A-A73D-1FB20A088519}.Debug|x64.Build.0 = Debug|x64
		{42984296-16D7-4A7A-A73D-1FB20A088519}.Debug|x86.ActiveCfg = Debug|Win32
		{42984296-16D7-4A7A-A73D-1FB20A088519}.Debug|x86.Build.0 = Debug|Win32
		{42984296-16D7-4A7A-A73D-1FB20A088519}.Release|x64.ActiveCfg = Release|x64
		{42984296-16D7-4A7A-A73D-1FB20A088519}.Release|x64.Build.0 = Release|x64
		{42984296-16D7-4A7A-A73D-1FB20A088519}.Release|x86.ActiveCfg = Release|Win32
		{42984296-16D7-4A7A-A73D-1FB20A088519}.Release|x86.Build.0 = Release|Win32
	EndGlobalSection
	GlobalSection(SolutionProperties) = preSolution
		HideSolutionNode = FALSE
	EndGlobalSection
	GlobalSection(ExtensibilityGlobals) = postSolution
		SolutionGuid = {7DD6AAB1-A657-4A73-A7BB-13D86BEE4B05}
	EndGlobalSection
EndGlobal
