
Microsoft Visual Studio Solution File, Format Version 11.00
# Visual Studio 2010
Project("{8BC9CEB8-8B4A-11D0-8D11-00A0C91BC942}") = "if语句", "if语句\if语句.vcxproj", "{EE19E50A-A5D9-4A05-8F0F-B66EB48D04E8}"
EndProject
Global
	GlobalSection(SolutionConfigurationPlatforms) = preSolution
		Debug|Win32 = Debug|Win32
		Release|Win32 = Release|Win32
	EndGlobalSection
	GlobalSection(ProjectConfigurationPlatforms) = postSolution
		{EE19E50A-A5D9-4A05-8F0F-B66EB48D04E8}.Debug|Win32.ActiveCfg = Debug|Win32
		{EE19E50A-A5D9-4A05-8F0F-B66EB48D04E8}.Debug|Win32.Build.0 = Debug|Win32
		{EE19E50A-A5D9-4A05-8F0F-B66EB48D04E8}.Release|Win32.ActiveCfg = Release|Win32
		{EE19E50A-A5D9-4A05-8F0F-B66EB48D04E8}.Release|Win32.Build.0 = Release|Win32
	EndGlobalSection
	GlobalSection(SolutionProperties) = preSolution
		HideSolutionNode = FALSE
	EndGlobalSection
EndGlobal
